
Microsoft Visual Studio Solution File, Format Version 12.00
# Visual Studio Version 16
VisualStudioVersion = 16.0.33130.400
MinimumVisualStudioVersion = 10.0.40219.1
Project("{8BC9CEB8-8B4A-11D0-8D11-00A0C91BC942}") = "RegistrationSystem", "RegistrationSystem\RegistrationSystem.vcxproj", "{FCD1D506-9784-4808-8538-75C29A340F68}"
EndProject
Global
	GlobalSection(SolutionConfigurationPlatforms) = preSolution
		Debug|x64 = Debug|x64
		Debug|x86 = Debug|x86
		Release|x64 = Release|x64
		Release|x86 = Release|x86
	EndGlobalSection
	GlobalSection(ProjectConfigurationPlatforms) = postSolution
		{FCD1D506-9784-4808-8538-75C29A340F68}.Debug|x64.ActiveCfg = Debug|x64
		{FCD1D506-9784-4808-8538-75C29A340F68}.Debug|x64.Build.0 = Debug|x64
		{FCD1D506-9784-4808-8538-75C29A340F68}.Debug|x86.ActiveCfg = Debug|Win32
		{FCD1D506-9784-4808-8538-75C29A340F68}.Debug|x86.Build.0 = Debug|Win32
		{FCD1D506-9784-4808-8538-75C29A340F68}.Release|x64.ActiveCfg = Release|x64
		{FCD1D506-9784-4808-8538-75C29A340F68}.Release|x64.Build.0 = Release|x64
		{FCD1D506-9784-4808-8538-75C29A340F68}.Release|x86.ActiveCfg = Release|Win32
		{FCD1D506-9784-4808-8538-75C29A340F68}.Release|x86.Build.0 = Release|Win32
	EndGlobalSection
	GlobalSection(SolutionProperties) = preSolution
		HideSolutionNode = FALSE
	EndGlobalSection
	GlobalSection(ExtensibilityGlobals) = postSolution
		SolutionGuid = {1707A6AB-7187-4AF4-8789-A06B06214BBB}
	EndGlobalSection
EndGlobal
